
Microsoft Visual Studio Solution File, Format Version 12.00
# Visual Studio Version 16
VisualStudioVersion = 16.0.29409.12
MinimumVisualStudioVersion = 10.0.40219.1
Project("{FAE04EC0-301F-11D3-BF4B-00C04F79EFBC}") = "SoundCard", "SoundCard\SoundCard.csproj", "{2D9A0339-1414-4CCE-A965-F16CD08C9961}"
EndProject
Global
	GlobalSection(SolutionConfigurationPlatforms) = preSolution
		Debug|Any CPU = Debug|Any CPU
		Release|Any CPU = Release|Any CPU
	EndGlobalSection
	GlobalSection(ProjectConfigurationPlatforms) = postSolution
		{2D9A0339-1414-4CCE-A965-F16CD08C9961}.Debug|Any CPU.ActiveCfg = Debug|Any CPU
		{2D9A0339-1414-4CCE-A965-F16CD08C9961}.Debug|Any CPU.Build.0 = Debug|Any CPU
		{2D9A0339-1414-4CCE-A965-F16CD08C9961}.Release|Any CPU.ActiveCfg = Release|Any CPU
		{2D9A0339-1414-4CCE-A965-F16CD08C9961}.Release|Any CPU.Build.0 = Release|Any CPU
	EndGlobalSection
	GlobalSection(SolutionProperties) = preSolution
		HideSolutionNode = FALSE
	EndGlobalSection
	GlobalSection(ExtensibilityGlobals) = postSolution
		SolutionGuid = {86316387-3183-497E-B18E-BEBF8BFC2A96}
	EndGlobalSection
EndGlobal
